
Microsoft Visual Studio Solution File, Format Version 12.00
Project("{FAE04EC0-301F-11D3-BF4B-00C04F79EFBC}") = "ClassLibTest", "ClassLibTest\ClassLibTest.csproj", "{A51F905E-9C09-46AB-AF00-907A5ACD881F}"
EndProject
Project("{FAE04EC0-301F-11D3-BF4B-00C04F79EFBC}") = "Claslib", "Claslib\Claslib.csproj", "{994F10AD-A229-467E-B09B-0E087114C935}"
EndProject
Project("{FAE04EC0-301F-11D3-BF4B-00C04F79EFBC}") = "TestProject1", "TestProject1\TestProject1.csproj", "{C7227485-D8A4-4D72-A43A-4F2320A1AE04}"
EndProject
Global
	GlobalSection(SolutionConfigurationPlatforms) = preSolution
		Debug|Any CPU = Debug|Any CPU
		Release|Any CPU = Release|Any CPU
	EndGlobalSection
	GlobalSection(ProjectConfigurationPlatforms) = postSolution
		{A51F905E-9C09-46AB-AF00-907A5ACD881F}.Debug|Any CPU.ActiveCfg = Debug|Any CPU
		{A51F905E-9C09-46AB-AF00-907A5ACD881F}.Debug|Any CPU.Build.0 = Debug|Any CPU
		{A51F905E-9C09-46AB-AF00-907A5ACD881F}.Release|Any CPU.ActiveCfg = Release|Any CPU
		{A51F905E-9C09-46AB-AF00-907A5ACD881F}.Release|Any CPU.Build.0 = Release|Any CPU
		{994F10AD-A229-467E-B09B-0E087114C935}.Debug|Any CPU.ActiveCfg = Debug|Any CPU
		{994F10AD-A229-467E-B09B-0E087114C935}.Debug|Any CPU.Build.0 = Debug|Any CPU
		{994F10AD-A229-467E-B09B-0E087114C935}.Release|Any CPU.ActiveCfg = Release|Any CPU
		{994F10AD-A229-467E-B09B-0E087114C935}.Release|Any CPU.Build.0 = Release|Any CPU
		{C7227485-D8A4-4D72-A43A-4F2320A1AE04}.Debug|Any CPU.ActiveCfg = Debug|Any CPU
		{C7227485-D8A4-4D72-A43A-4F2320A1AE04}.Debug|Any CPU.Build.0 = Debug|Any CPU
		{C7227485-D8A4-4D72-A43A-4F2320A1AE04}.Release|Any CPU.ActiveCfg = Release|Any CPU
		{C7227485-D8A4-4D72-A43A-4F2320A1AE04}.Release|Any CPU.Build.0 = Release|Any CPU
	EndGlobalSection
EndGlobal
